
Microsoft Visual Studio Solution File, Format Version 12.00
# Visual Studio Version 17
VisualStudioVersion = 17.0.32112.339
MinimumVisualStudioVersion = 10.0.40219.1
Project("{9A19103F-16F7-4668-BE54-9A1E7A4F7556}") = "MartianRobots", "MartianRobots\MartianRobots.csproj", "{1850F7E7-EAC1-4F97-8836-52A44E8BE5CE}"
EndProject
Project("{FAE04EC0-301F-11D3-BF4B-00C04F79EFBC}") = "MartianRobotsTests", "MartianRobotsTests\MartianRobotsTests.csproj", "{F68294EF-B793-4E0C-888D-2FD842943A7C}"
EndProject
Global
	GlobalSection(SolutionConfigurationPlatforms) = preSolution
		Debug|Any CPU = Debug|Any CPU
		Release|Any CPU = Release|Any CPU
	EndGlobalSection
	GlobalSection(ProjectConfigurationPlatforms) = postSolution
		{1850F7E7-EAC1-4F97-8836-52A44E8BE5CE}.Debug|Any CPU.ActiveCfg = Debug|Any CPU
		{1850F7E7-EAC1-4F97-8836-52A44E8BE5CE}.Debug|Any CPU.Build.0 = Debug|Any CPU
		{1850F7E7-EAC1-4F97-8836-52A44E8BE5CE}.Release|Any CPU.ActiveCfg = Release|Any CPU
		{1850F7E7-EAC1-4F97-8836-52A44E8BE5CE}.Release|Any CPU.Build.0 = Release|Any CPU
		{F68294EF-B793-4E0C-888D-2FD842943A7C}.Debug|Any CPU.ActiveCfg = Debug|Any CPU
		{F68294EF-B793-4E0C-888D-2FD842943A7C}.Debug|Any CPU.Build.0 = Debug|Any CPU
		{F68294EF-B793-4E0C-888D-2FD842943A7C}.Release|Any CPU.ActiveCfg = Release|Any CPU
		{F68294EF-B793-4E0C-888D-2FD842943A7C}.Release|Any CPU.Build.0 = Release|Any CPU
	EndGlobalSection
	GlobalSection(SolutionProperties) = preSolution
		HideSolutionNode = FALSE
	EndGlobalSection
	GlobalSection(ExtensibilityGlobals) = postSolution
		SolutionGuid = {179BAF0F-4EEA-48A4-9B39-6712D3D92384}
	EndGlobalSection
EndGlobal
